
Microsoft Visual Studio Solution File, Format Version 12.00
# Visual Studio 15
VisualStudioVersion = 15.0.27703.2047
MinimumVisualStudioVersion = 10.0.40219.1
Project("{FAE04EC0-301F-11D3-BF4B-00C04F79EFBC}") = "Entidades", "ASD\Entidades.csproj", "{6BB42C8B-6530-429C-8FB6-F81DD958763E}"
EndProject
Project("{FAE04EC0-301F-11D3-BF4B-00C04F79EFBC}") = "Test", "Test\Test.csproj", "{A3BD9108-9792-425A-ADD3-FBBA7A2B0EA6}"
EndProject
Global
	GlobalSection(SolutionConfigurationPlatforms) = preSolution
		Debug|Any CPU = Debug|Any CPU
		Release|Any CPU = Release|Any CPU
	EndGlobalSection
	GlobalSection(ProjectConfigurationPlatforms) = postSolution
		{6BB42C8B-6530-429C-8FB6-F81DD958763E}.Debug|Any CPU.ActiveCfg = Debug|Any CPU
		{6BB42C8B-6530-429C-8FB6-F81DD958763E}.Debug|Any CPU.Build.0 = Debug|Any CPU
		{6BB42C8B-6530-429C-8FB6-F81DD958763E}.Release|Any CPU.ActiveCfg = Release|Any CPU
		{6BB42C8B-6530-429C-8FB6-F81DD958763E}.Release|Any CPU.Build.0 = Release|Any CPU
		{A3BD9108-9792-425A-ADD3-FBBA7A2B0EA6}.Debug|Any CPU.ActiveCfg = Debug|Any CPU
		{A3BD9108-9792-425A-ADD3-FBBA7A2B0EA6}.Debug|Any CPU.Build.0 = Debug|Any CPU
		{A3BD9108-9792-425A-ADD3-FBBA7A2B0EA6}.Release|Any CPU.ActiveCfg = Release|Any CPU
		{A3BD9108-9792-425A-ADD3-FBBA7A2B0EA6}.Release|Any CPU.Build.0 = Release|Any CPU
	EndGlobalSection
	GlobalSection(SolutionProperties) = preSolution
		HideSolutionNode = FALSE
	EndGlobalSection
	GlobalSection(ExtensibilityGlobals) = postSolution
		SolutionGuid = {D84E2A04-677A-415B-9A3F-4DA1751E545C}
	EndGlobalSection
EndGlobal
